// !$*UTF8*$!
{
	archiveVersion = 1;
	classes = {
	};
	objectVersion = 46;
	objects = {

/* Begin PBXBuildFile section */
		2E0D0CAF1EFA23B200B59E4C /* main.m in Sources */ = {isa = PBXBuildFile; fileRef = 2E0D0CAE1EFA23B200B59E4C /* main.m */; };
		2E0D0CBC1EFA242A00B59E4C /* Cocoa.framework in Frameworks */ = {isa = PBXBuildFile; fileRef = 2E0D0CBB1EFA242A00B59E4C /* Cocoa.framework */; };
		2E0D0CC21EFA242A00B59E4C /* SourceEditorExtension.m in Sources */ = {isa = PBXBuildFile; fileRef = 2E0D0CC11EFA242A00B59E4C /* SourceEditorExtension.m */; };
		2E0D0CC51EFA242A00B59E4C /* SourceEditorCommand.m in Sources */ = {isa = PBXBuildFile; fileRef = 2E0D0CC41EFA242A00B59E4C /* SourceEditorCommand.m */; };
		2E0D0CCE1EFA289300B59E4C /* MantlePreference.plist in Resources */ = {isa = PBXBuildFile; fileRef = 2E0D0CCD1EFA289300B59E4C /* MantlePreference.plist */; };
		2E0D0CD11EFA291E00B59E4C /* QJMPreDefinition.m in Sources */ = {isa = PBXBuildFile; fileRef = 2E0D0CD01EFA291E00B59E4C /* QJMPreDefinition.m */; };
		2E0D0CDB1EFA30B100B59E4C /* QJMClassInfo.m in Sources */ = {isa = PBXBuildFile; fileRef = 2E0D0CDA1EFA30B100B59E4C /* QJMClassInfo.m */; };
		2E0D0CDE1EFA318300B59E4C /* QJMMantleCommandHandler.m in Sources */ = {isa = PBXBuildFile; fileRef = 2E0D0CDD1EFA318300B59E4C /* QJMMantleCommandHandler.m */; };
		2E0D0CE11EFA31A700B59E4C /* QJMYYModelCommandHandler.m in Sources */ = {isa = PBXBuildFile; fileRef = 2E0D0CE01EFA31A700B59E4C /* QJMYYModelCommandHandler.m */; };
		2E0D0CE41EFA31C000B59E4C /* QJMPropertyTemplateHandler.m in Sources */ = {isa = PBXBuildFile; fileRef = 2E0D0CE31EFA31C000B59E4C /* QJMPropertyTemplateHandler.m */; };
		2E0D0CEA1EFA32C200B59E4C /* NSString+QJMUitility.m in Sources */ = {isa = PBXBuildFile; fileRef = 2E0D0CE91EFA32C200B59E4C /* NSString+QJMUitility.m */; };
/* End PBXBuildFile section */

/* Begin PBXCopyFilesBuildPhase section */
		2E0D0CA91EFA23B200B59E4C /* CopyFiles */ = {
			isa = PBXCopyFilesBuildPhase;
			buildActionMask = 2147483647;
			dstPath = /usr/share/man/man1/;
			dstSubfolderSpec = 0;
			files = (
			);
			runOnlyForDeploymentPostprocessing = 1;
		};
/* End PBXCopyFilesBuildPhase section */

/* Begin PBXFileReference section */
		2E0D0CAB1EFA23B200B59E4C /* QuickJsonMappingEditor */ = {isa = PBXFileReference; explicitFileType = "compiled.mach-o.executable"; includeInIndex = 0; path = QuickJsonMappingEditor; sourceTree = BUILT_PRODUCTS_DIR; };
		2E0D0CAE1EFA23B200B59E4C /* main.m */ = {isa = PBXFileReference; lastKnownFileType = sourcecode.c.objc; path = main.m; sourceTree = "<group>"; };
		2E0D0CB91EFA242A00B59E4C /* QuickJsonMappingSourceEditor.appex */ = {isa = PBXFileReference; explicitFileType = "wrapper.app-extension"; includeInIndex = 0; path = QuickJsonMappingSourceEditor.appex; sourceTree = BUILT_PRODUCTS_DIR; };
		2E0D0CBB1EFA242A00B59E4C /* Cocoa.framework */ = {isa = PBXFileReference; lastKnownFileType = wrapper.framework; name = Cocoa.framework; path = System/Library/Frameworks/Cocoa.framework; sourceTree = SDKROOT; };
		2E0D0CBF1EFA242A00B59E4C /* QuickJsonMappingSourceEditor.entitlements */ = {isa = PBXFileReference; lastKnownFileType = text.plist.entitlements; path = QuickJsonMappingSourceEditor.entitlements; sourceTree = "<group>"; };
		2E0D0CC01EFA242A00B59E4C /* SourceEditorExtension.h */ = {isa = PBXFileReference; lastKnownFileType = sourcecode.c.h; path = SourceEditorExtension.h; sourceTree = "<group>"; };
		2E0D0CC11EFA242A00B59E4C /* SourceEditorExtension.m */ = {isa = PBXFileReference; lastKnownFileType = sourcecode.c.objc; path = SourceEditorExtension.m; sourceTree = "<group>"; };
		2E0D0CC31EFA242A00B59E4C /* SourceEditorCommand.h */ = {isa = PBXFileReference; lastKnownFileType = sourcecode.c.h; path = SourceEditorCommand.h; sourceTree = "<group>"; };
		2E0D0CC41EFA242A00B59E4C /* SourceEditorCommand.m */ = {isa = PBXFileReference; lastKnownFileType = sourcecode.c.objc; path = SourceEditorCommand.m; sourceTree = "<group>"; };
		2E0D0CC61EFA242A00B59E4C /* Info.plist */ = {isa = PBXFileReference; lastKnownFileType = text.plist.xml; path = Info.plist; sourceTree = "<group>"; };
		2E0D0CCD1EFA289300B59E4C /* MantlePreference.plist */ = {isa = PBXFileReference; fileEncoding = 4; lastKnownFileType = text.plist.xml; path = MantlePreference.plist; sourceTree = "<group>"; };
		2E0D0CCF1EFA291E00B59E4C /* QJMPreDefinition.h */ = {isa = PBXFileReference; fileEncoding = 4; lastKnownFileType = sourcecode.c.h; path = QJMPreDefinition.h; sourceTree = "<group>"; };
		2E0D0CD01EFA291E00B59E4C /* QJMPreDefinition.m */ = {isa = PBXFileReference; fileEncoding = 4; lastKnownFileType = sourcecode.c.objc; path = QJMPreDefinition.m; sourceTree = "<group>"; };
		2E0D0CD21EFA2C2800B59E4C /* QJMCommandHandleProtocol.h */ = {isa = PBXFileReference; fileEncoding = 4; lastKnownFileType = sourcecode.c.h; path = QJMCommandHandleProtocol.h; sourceTree = "<group>"; };
		2E0D0CD91EFA30B100B59E4C /* QJMClassInfo.h */ = {isa = PBXFileReference; fileEncoding = 4; lastKnownFileType = sourcecode.c.h; path = QJMClassInfo.h; sourceTree = "<group>"; };
		2E0D0CDA1EFA30B100B59E4C /* QJMClassInfo.m */ = {isa = PBXFileReference; fileEncoding = 4; lastKnownFileType = sourcecode.c.objc; path = QJMClassInfo.m; sourceTree = "<group>"; };
		2E0D0CDC1EFA318300B59E4C /* QJMMantleCommandHandler.h */ = {isa = PBXFileReference; fileEncoding = 4; lastKnownFileType = sourcecode.c.h; path = QJMMantleCommandHandler.h; sourceTree = "<group>"; };
		2E0D0CDD1EFA318300B59E4C /* QJMMantleCommandHandler.m */ = {isa = PBXFileReference; fileEncoding = 4; lastKnownFileType = sourcecode.c.objc; path = QJMMantleCommandHandler.m; sourceTree = "<group>"; };
		2E0D0CDF1EFA31A700B59E4C /* QJMYYModelCommandHandler.h */ = {isa = PBXFileReference; fileEncoding = 4; lastKnownFileType = sourcecode.c.h; path = QJMYYModelCommandHandler.h; sourceTree = "<group>"; };
		2E0D0CE01EFA31A700B59E4C /* QJMYYModelCommandHandler.m */ = {isa = PBXFileReference; fileEncoding = 4; lastKnownFileType = sourcecode.c.objc; path = QJMYYModelCommandHandler.m; sourceTree = "<group>"; };
		2E0D0CE21EFA31C000B59E4C /* QJMPropertyTemplateHandler.h */ = {isa = PBXFileReference; fileEncoding = 4; lastKnownFileType = sourcecode.c.h; path = QJMPropertyTemplateHandler.h; sourceTree = "<group>"; };
		2E0D0CE31EFA31C000B59E4C /* QJMPropertyTemplateHandler.m */ = {isa = PBXFileReference; fileEncoding = 4; lastKnownFileType = sourcecode.c.objc; path = QJMPropertyTemplateHandler.m; sourceTree = "<group>"; };
		2E0D0CE81EFA32C200B59E4C /* NSString+QJMUitility.h */ = {isa = PBXFileReference; fileEncoding = 4; lastKnownFileType = sourcecode.c.h; path = "NSString+QJMUitility.h"; sourceTree = "<group>"; };
		2E0D0CE91EFA32C200B59E4C /* NSString+QJMUitility.m */ = {isa = PBXFileReference; fileEncoding = 4; lastKnownFileType = sourcecode.c.objc; path = "NSString+QJMUitility.m"; sourceTree = "<group>"; };
/* End PBXFileReference section */

/* Begin PBXFrameworksBuildPhase section */
		2E0D0CA81EFA23B200B59E4C /* Frameworks */ = {
			isa = PBXFrameworksBuildPhase;
			buildActionMask = 2147483647;
			files = (
			);
			runOnlyForDeploymentPostprocessing = 0;
		};
		2E0D0CB61EFA242A00B59E4C /* Frameworks */ = {
			isa = PBXFrameworksBuildPhase;
			buildActionMask = 2147483647;
			files = (
				2E0D0CBC1EFA242A00B59E4C /* Cocoa.framework in Frameworks */,
			);
			runOnlyForDeploymentPostprocessing = 0;
		};
/* End PBXFrameworksBuildPhase section */

/* Begin PBXGroup section */
		2E0D0CA21EFA23B200B59E4C = {
			isa = PBXGroup;
			children = (
				2E0D0CAD1EFA23B200B59E4C /* QuickJsonMappingEditor */,
				2E0D0CBD1EFA242A00B59E4C /* QuickJsonMappingSourceEditor */,
				2E0D0CBA1EFA242A00B59E4C /* Frameworks */,
				2E0D0CAC1EFA23B200B59E4C /* Products */,
			);
			sourceTree = "<group>";
		};
		2E0D0CAC1EFA23B200B59E4C /* Products */ = {
			isa = PBXGroup;
			children = (
				2E0D0CAB1EFA23B200B59E4C /* QuickJsonMappingEditor */,
				2E0D0CB91EFA242A00B59E4C /* QuickJsonMappingSourceEditor.appex */,
			);
			name = Products;
			sourceTree = "<group>";
		};
		2E0D0CAD1EFA23B200B59E4C /* QuickJsonMappingEditor */ = {
			isa = PBXGroup;
			children = (
				2E0D0CAE1EFA23B200B59E4C /* main.m */,
			);
			path = QuickJsonMappingEditor;
			sourceTree = "<group>";
		};
		2E0D0CBA1EFA242A00B59E4C /* Frameworks */ = {
			isa = PBXGroup;
			children = (
				2E0D0CBB1EFA242A00B59E4C /* Cocoa.framework */,
			);
			name = Frameworks;
			sourceTree = "<group>";
		};
		2E0D0CBD1EFA242A00B59E4C /* QuickJsonMappingSourceEditor */ = {
			isa = PBXGroup;
			children = (
				2E0D0CC01EFA242A00B59E4C /* SourceEditorExtension.h */,
				2E0D0CC11EFA242A00B59E4C /* SourceEditorExtension.m */,
				2E0D0CC31EFA242A00B59E4C /* SourceEditorCommand.h */,
				2E0D0CC41EFA242A00B59E4C /* SourceEditorCommand.m */,
				2E0D0CC61EFA242A00B59E4C /* Info.plist */,
				2E0D0CCC1EFA285A00B59E4C /* SourceEditorConfig */,
				2E0D0CCB1EFA282F00B59E4C /* Utilities */,
				2E0D0CCA1EFA280D00B59E4C /* SourceEditorClass */,
				2E0D0CBE1EFA242A00B59E4C /* Supporting Files */,
			);
			path = QuickJsonMappingSourceEditor;
			sourceTree = "<group>";
		};
		2E0D0CBE1EFA242A00B59E4C /* Supporting Files */ = {
			isa = PBXGroup;
			children = (
				2E0D0CBF1EFA242A00B59E4C /* QuickJsonMappingSourceEditor.entitlements */,
			);
			name = "Supporting Files";
			sourceTree = "<group>";
		};
		2E0D0CCA1EFA280D00B59E4C /* SourceEditorClass */ = {
			isa = PBXGroup;
			children = (
				2E0D0CD21EFA2C2800B59E4C /* QJMCommandHandleProtocol.h */,
				2E0D0CD91EFA30B100B59E4C /* QJMClassInfo.h */,
				2E0D0CDA1EFA30B100B59E4C /* QJMClassInfo.m */,
				2E0D0CDC1EFA318300B59E4C /* QJMMantleCommandHandler.h */,
				2E0D0CDD1EFA318300B59E4C /* QJMMantleCommandHandler.m */,
				2E0D0CDF1EFA31A700B59E4C /* QJMYYModelCommandHandler.h */,
				2E0D0CE01EFA31A700B59E4C /* QJMYYModelCommandHandler.m */,
				2E0D0CE21EFA31C000B59E4C /* QJMPropertyTemplateHandler.h */,
				2E0D0CE31EFA31C000B59E4C /* QJMPropertyTemplateHandler.m */,
			);
			path = SourceEditorClass;
			sourceTree = "<group>";
		};
		2E0D0CCB1EFA282F00B59E4C /* Utilities */ = {
			isa = PBXGroup;
			children = (
				2E0D0CE81EFA32C200B59E4C /* NSString+QJMUitility.h */,
				2E0D0CE91EFA32C200B59E4C /* NSString+QJMUitility.m */,
			);
			path = Utilities;
			sourceTree = "<group>";
		};
		2E0D0CCC1EFA285A00B59E4C /* SourceEditorConfig */ = {
			isa = PBXGroup;
			children = (
				2E0D0CCD1EFA289300B59E4C /* MantlePreference.plist */,
				2E0D0CCF1EFA291E00B59E4C /* QJMPreDefinition.h */,
				2E0D0CD01EFA291E00B59E4C /* QJMPreDefinition.m */,
			);
			path = SourceEditorConfig;
			sourceTree = "<group>";
		};
/* End PBXGroup section */

/* Begin PBXNativeTarget section */
		2E0D0CAA1EFA23B200B59E4C /* QuickJsonMappingEditor */ = {
			isa = PBXNativeTarget;
			buildConfigurationList = 2E0D0CB21EFA23B200B59E4C /* Build configuration list for PBXNativeTarget "QuickJsonMappingEditor" */;
			buildPhases = (
				2E0D0CA71EFA23B200B59E4C /* Sources */,
				2E0D0CA81EFA23B200B59E4C /* Frameworks */,
				2E0D0CA91EFA23B200B59E4C /* CopyFiles */,
			);
			buildRules = (
			);
			dependencies = (
			);
			name = QuickJsonMappingEditor;
			productName = QuickJsonMappingEditor;
			productReference = 2E0D0CAB1EFA23B200B59E4C /* QuickJsonMappingEditor */;
			productType = "com.apple.product-type.tool";
		};
		2E0D0CB81EFA242A00B59E4C /* QuickJsonMappingSourceEditor */ = {
			isa = PBXNativeTarget;
			buildConfigurationList = 2E0D0CC71EFA242A00B59E4C /* Build configuration list for PBXNativeTarget "QuickJsonMappingSourceEditor" */;
			buildPhases = (
				2E0D0CB51EFA242A00B59E4C /* Sources */,
				2E0D0CB61EFA242A00B59E4C /* Frameworks */,
				2E0D0CB71EFA242A00B59E4C /* Resources */,
			);
			buildRules = (
			);
			dependencies = (
			);
			name = QuickJsonMappingSourceEditor;
			productName = QuickJsonMappingSourceEditor;
			productReference = 2E0D0CB91EFA242A00B59E4C /* QuickJsonMappingSourceEditor.appex */;
			productType = "com.apple.product-type.xcode-extension";
		};
/* End PBXNativeTarget section */

/* Begin PBXProject section */
		2E0D0CA31EFA23B200B59E4C /* Project object */ = {
			isa = PBXProject;
			attributes = {
				LastUpgradeCheck = 0830;
				ORGANIZATIONNAME = LJL;
				TargetAttributes = {
					2E0D0CAA1EFA23B200B59E4C = {
						CreatedOnToolsVersion = 8.3.3;
						DevelopmentTeam = 5H4NG2JQ86;
						ProvisioningStyle = Automatic;
					};
					2E0D0CB81EFA242A00B59E4C = {
						CreatedOnToolsVersion = 8.3.3;
						DevelopmentTeam = 5H4NG2JQ86;
						ProvisioningStyle = Automatic;
					};
				};
			};
			buildConfigurationList = 2E0D0CA61EFA23B200B59E4C /* Build configuration list for PBXProject "QuickJsonMappingEditor" */;
			compatibilityVersion = "Xcode 3.2";
			developmentRegion = English;
			hasScannedForEncodings = 0;
			knownRegions = (
				en,
			);
			mainGroup = 2E0D0CA21EFA23B200B59E4C;
			productRefGroup = 2E0D0CAC1EFA23B200B59E4C /* Products */;
			projectDirPath = "";
			projectRoot = "";
			targets = (
				2E0D0CAA1EFA23B200B59E4C /* QuickJsonMappingEditor */,
				2E0D0CB81EFA242A00B59E4C /* QuickJsonMappingSourceEditor */,
			);
		};
/* End PBXProject section */

/* Begin PBXResourcesBuildPhase section */
		2E0D0CB71EFA242A00B59E4C /* Resources */ = {
			isa = PBXResourcesBuildPhase;
			buildActionMask = 2147483647;
			files = (
				2E0D0CCE1EFA289300B59E4C /* MantlePreference.plist in Resources */,
			);
			runOnlyForDeploymentPostprocessing = 0;
		};
/* End PBXResourcesBuildPhase section */

/* Begin PBXSourcesBuildPhase section */
		2E0D0CA71EFA23B200B59E4C /* Sources */ = {
			isa = PBXSourcesBuildPhase;
			buildActionMask = 2147483647;
			files = (
				2E0D0CAF1EFA23B200B59E4C /* main.m in Sources */,
			);
			runOnlyForDeploymentPostprocessing = 0;
		};
		2E0D0CB51EFA242A00B59E4C /* Sources */ = {
			isa = PBXSourcesBuildPhase;
			buildActionMask = 2147483647;
			files = (
				2E0D0CD11EFA291E00B59E4C /* QJMPreDefinition.m in Sources */,
				2E0D0CEA1EFA32C200B59E4C /* NSString+QJMUitility.m in Sources */,
				2E0D0CE41EFA31C000B59E4C /* QJMPropertyTemplateHandler.m in Sources */,
				2E0D0CE11EFA31A700B59E4C /* QJMYYModelCommandHandler.m in Sources */,
				2E0D0CC21EFA242A00B59E4C /* SourceEditorExtension.m in Sources */,
				2E0D0CC51EFA242A00B59E4C /* SourceEditorCommand.m in Sources */,
				2E0D0CDE1EFA318300B59E4C /* QJMMantleCommandHandler.m in Sources */,
				2E0D0CDB1EFA30B100B59E4C /* QJMClassInfo.m in Sources */,
			);
			runOnlyForDeploymentPostprocessing = 0;
		};
/* End PBXSourcesBuildPhase section */

/* Begin XCBuildConfiguration section */
		2E0D0CB01EFA23B200B59E4C /* Debug */ = {
			isa = XCBuildConfiguration;
			buildSettings = {
				ALWAYS_SEARCH_USER_PATHS = NO;
				CLANG_ANALYZER_NONNULL = YES;
				CLANG_ANALYZER_NUMBER_OBJECT_CONVERSION = YES_AGGRESSIVE;
				CLANG_CXX_LANGUAGE_STANDARD = "gnu++0x";
				CLANG_CXX_LIBRARY = "libc++";
				CLANG_ENABLE_MODULES = YES;
				CLANG_ENABLE_OBJC_ARC = YES;
				CLANG_WARN_BOOL_CONVERSION = YES;
				CLANG_WARN_CONSTANT_CONVERSION = YES;
				CLANG_WARN_DIRECT_OBJC_ISA_USAGE = YES_ERROR;
				CLANG_WARN_DOCUMENTATION_COMMENTS = YES;
				CLANG_WARN_EMPTY_BODY = YES;
				CLANG_WARN_ENUM_CONVERSION = YES;
				CLANG_WARN_INFINITE_RECURSION = YES;
				CLANG_WARN_INT_CONVERSION = YES;
				CLANG_WARN_OBJC_ROOT_CLASS = YES_ERROR;
				CLANG_WARN_SUSPICIOUS_MOVE = YES;
				CLANG_WARN_UNREACHABLE_CODE = YES;
				CLANG_WARN__DUPLICATE_METHOD_MATCH = YES;
				CODE_SIGN_IDENTITY = "-";
				COPY_PHASE_STRIP = NO;
				DEBUG_INFORMATION_FORMAT = dwarf;
				ENABLE_STRICT_OBJC_MSGSEND = YES;
				ENABLE_TESTABILITY = YES;
				GCC_C_LANGUAGE_STANDARD = gnu99;
				GCC_DYNAMIC_NO_PIC = NO;
				GCC_NO_COMMON_BLOCKS = YES;
				GCC_OPTIMIZATION_LEVEL = 0;
				GCC_PREPROCESSOR_DEFINITIONS = (
					"DEBUG=1",
					"$(inherited)",
				);
				GCC_WARN_64_TO_32_BIT_CONVERSION = YES;
				GCC_WARN_ABOUT_RETURN_TYPE = YES_ERROR;
				GCC_WARN_UNDECLARED_SELECTOR = YES;
				GCC_WARN_UNINITIALIZED_AUTOS = YES_AGGRESSIVE;
				GCC_WARN_UNUSED_FUNCTION = YES;
				GCC_WARN_UNUSED_VARIABLE = YES;
				MACOSX_DEPLOYMENT_TARGET = 10.12;
				MTL_ENABLE_DEBUG_INFO = YES;
				ONLY_ACTIVE_ARCH = YES;
				SDKROOT = macosx;
			};
			name = Debug;
		};
		2E0D0CB11EFA23B200B59E4C /* Release */ = {
			isa = XCBuildConfiguration;
			buildSettings = {
				ALWAYS_SEARCH_USER_PATHS = NO;
				CLANG_ANALYZER_NONNULL = YES;
				CLANG_ANALYZER_NUMBER_OBJECT_CONVERSION = YES_AGGRESSIVE;
				CLANG_CXX_LANGUAGE_STANDARD = "gnu++0x";
				CLANG_CXX_LIBRARY = "libc++";
				CLANG_ENABLE_MODULES = YES;
				CLANG_ENABLE_OBJC_ARC = YES;
				CLANG_WARN_BOOL_CONVERSION = YES;
				CLANG_WARN_CONSTANT_CONVERSION = YES;
				CLANG_WARN_DIRECT_OBJC_ISA_USAGE = YES_ERROR;
				CLANG_WARN_DOCUMENTATION_COMMENTS = YES;
				CLANG_WARN_EMPTY_BODY = YES;
				CLANG_WARN_ENUM_CONVERSION = YES;
				CLANG_WARN_INFINITE_RECURSION = YES;
				CLANG_WARN_INT_CONVERSION = YES;
				CLANG_WARN_OBJC_ROOT_CLASS = YES_ERROR;
				CLANG_WARN_SUSPICIOUS_MOVE = YES;
				CLANG_WARN_UNREACHABLE_CODE = YES;
				CLANG_WARN__DUPLICATE_METHOD_MATCH = YES;
				CODE_SIGN_IDENTITY = "-";
				COPY_PHASE_STRIP = NO;
				DEBUG_INFORMATION_FORMAT = "dwarf-with-dsym";
				ENABLE_NS_ASSERTIONS = NO;
				ENABLE_STRICT_OBJC_MSGSEND = YES;
				GCC_C_LANGUAGE_STANDARD = gnu99;
				GCC_NO_COMMON_BLOCKS = YES;
				GCC_WARN_64_TO_32_BIT_CONVERSION = YES;
				GCC_WARN_ABOUT_RETURN_TYPE = YES_ERROR;
				GCC_WARN_UNDECLARED_SELECTOR = YES;
				GCC_WARN_UNINITIALIZED_AUTOS = YES_AGGRESSIVE;
				GCC_WARN_UNUSED_FUNCTION = YES;
				GCC_WARN_UNUSED_VARIABLE = YES;
				MACOSX_DEPLOYMENT_TARGET = 10.12;
				MTL_ENABLE_DEBUG_INFO = NO;
				SDKROOT = macosx;
			};
			name = Release;
		};
		2E0D0CB31EFA23B200B59E4C /* Debug */ = {
			isa = XCBuildConfiguration;
			buildSettings = {
				DEVELOPMENT_TEAM = 5H4NG2JQ86;
				PRODUCT_NAME = "$(TARGET_NAME)";
			};
			name = Debug;
		};
		2E0D0CB41EFA23B200B59E4C /* Release */ = {
			isa = XCBuildConfiguration;
			buildSettings = {
				DEVELOPMENT_TEAM = 5H4NG2JQ86;
				PRODUCT_NAME = "$(TARGET_NAME)";
			};
			name = Release;
		};
		2E0D0CC81EFA242A00B59E4C /* Debug */ = {
			isa = XCBuildConfiguration;
			buildSettings = {
				CODE_SIGN_ENTITLEMENTS = QuickJsonMappingSourceEditor/QuickJsonMappingSourceEditor.entitlements;
				COMBINE_HIDPI_IMAGES = YES;
				DEVELOPMENT_TEAM = 5H4NG2JQ86;
				INFOPLIST_FILE = QuickJsonMappingSourceEditor/Info.plist;
				LD_RUNPATH_SEARCH_PATHS = "$(inherited) @executable_path/../Frameworks @executable_path/../../../../Frameworks";
				MACOSX_DEPLOYMENT_TARGET = 10.11;
				PRODUCT_BUNDLE_IDENTIFIER = jinlin.liu.QuickJsonMappingSourceEditor;
				PRODUCT_NAME = "$(TARGET_NAME)";
				SKIP_INSTALL = YES;
			};
			name = Debug;
		};
		2E0D0CC91EFA242A00B59E4C /* Release */ = {
			isa = XCBuildConfiguration;
			buildSettings = {
				CODE_SIGN_ENTITLEMENTS = QuickJsonMappingSourceEditor/QuickJsonMappingSourceEditor.entitlements;
				COMBINE_HIDPI_IMAGES = YES;
				DEVELOPMENT_TEAM = 5H4NG2JQ86;
				INFOPLIST_FILE = QuickJsonMappingSourceEditor/Info.plist;
				LD_RUNPATH_SEARCH_PATHS = "$(inherited) @executable_path/../Frameworks @executable_path/../../../../Frameworks";
				MACOSX_DEPLOYMENT_TARGET = 10.11;
				PRODUCT_BUNDLE_IDENTIFIER = jinlin.liu.QuickJsonMappingSourceEditor;
				PRODUCT_NAME = "$(TARGET_NAME)";
				SKIP_INSTALL = YES;
			};
			name = Release;
		};
/* End XCBuildConfiguration section */

/* Begin XCConfigurationList section */
		2E0D0CA61EFA23B200B59E4C /* Build configuration list for PBXProject "QuickJsonMappingEditor" */ = {
			isa = XCConfigurationList;
			buildConfigurations = (
				2E0D0CB01EFA23B200B59E4C /* Debug */,
				2E0D0CB11EFA23B200B59E4C /* Release */,
			);
			defaultConfigurationIsVisible = 0;
			defaultConfigurationName = Release;
		};
		2E0D0CB21EFA23B200B59E4C /* Build configuration list for PBXNativeTarget "QuickJsonMappingEditor" */ = {
			isa = XCConfigurationList;
			buildConfigurations = (
				2E0D0CB31EFA23B200B59E4C /* Debug */,
				2E0D0CB41EFA23B200B59E4C /* Release */,
			);
			defaultConfigurationIsVisible = 0;
		};
		2E0D0CC71EFA242A00B59E4C /* Build configuration list for PBXNativeTarget "QuickJsonMappingSourceEditor" */ = {
			isa = XCConfigurationList;
			buildConfigurations = (
				2E0D0CC81EFA242A00B59E4C /* Debug */,
				2E0D0CC91EFA242A00B59E4C /* Release */,
			);
			defaultConfigurationIsVisible = 0;
		};
/* End XCConfigurationList section */
	};
	rootObject = 2E0D0CA31EFA23B200B59E4C /* Project object */;
}
